
Microsoft Visual Studio Solution File, Format Version 12.00
# Visual Studio Version 16
VisualStudioVersion = 16.0.29519.181
MinimumVisualStudioVersion = 10.0.40219.1
Project("{9A19103F-16F7-4668-BE54-9A1E7A4F7556}") = "WebApi", "WebApi\WebApi.csproj", "{79982699-3BE0-4955-B032-17D785E2D2EB}"
EndProject
Global
	GlobalSection(SolutionConfigurationPlatforms) = preSolution
		Debug|Any CPU = Debug|Any CPU
		Release|Any CPU = Release|Any CPU
	EndGlobalSection
	GlobalSection(ProjectConfigurationPlatforms) = postSolution
		{79982699-3BE0-4955-B032-17D785E2D2EB}.Debug|Any CPU.ActiveCfg = Debug|Any CPU
		{79982699-3BE0-4955-B032-17D785E2D2EB}.Debug|Any CPU.Build.0 = Debug|Any CPU
		{79982699-3BE0-4955-B032-17D785E2D2EB}.Release|Any CPU.ActiveCfg = Release|Any CPU
		{79982699-3BE0-4955-B032-17D785E2D2EB}.Release|Any CPU.Build.0 = Release|Any CPU
	EndGlobalSection
	GlobalSection(SolutionProperties) = preSolution
		HideSolutionNode = FALSE
	EndGlobalSection
	GlobalSection(ExtensibilityGlobals) = postSolution
		SolutionGuid = {2AAE28A8-BB65-4D11-9135-00B30EBCF673}
	EndGlobalSection
EndGlobal
